
Microsoft Visual Studio Solution File, Format Version 12.00
# Visual Studio Version 16
VisualStudioVersion = 16.0.29613.14
MinimumVisualStudioVersion = 10.0.40219.1
Project("{FAE04EC0-301F-11D3-BF4B-00C04F79EFBC}") = "WebService", "WebService\WebService.csproj", "{06410777-3EB5-416F-A27F-432DCC641DCF}"
EndProject
Global
	GlobalSection(SolutionConfigurationPlatforms) = preSolution
		Debug|Any CPU = Debug|Any CPU
		Release|Any CPU = Release|Any CPU
	EndGlobalSection
	GlobalSection(ProjectConfigurationPlatforms) = postSolution
		{06410777-3EB5-416F-A27F-432DCC641DCF}.Debug|Any CPU.ActiveCfg = Debug|Any CPU
		{06410777-3EB5-416F-A27F-432DCC641DCF}.Debug|Any CPU.Build.0 = Debug|Any CPU
		{06410777-3EB5-416F-A27F-432DCC641DCF}.Release|Any CPU.ActiveCfg = Release|Any CPU
		{06410777-3EB5-416F-A27F-432DCC641DCF}.Release|Any CPU.Build.0 = Release|Any CPU
	EndGlobalSection
	GlobalSection(SolutionProperties) = preSolution
		HideSolutionNode = FALSE
	EndGlobalSection
	GlobalSection(ExtensibilityGlobals) = postSolution
		SolutionGuid = {6C3C31F9-9C48-4837-8CD9-E70BD0F2BA00}
	EndGlobalSection
EndGlobal
